
Microsoft Visual Studio Solution File, Format Version 12.00
# Visual Studio 2015
Project("{FAE04EC0-301F-11D3-BF4B-00C04F79EFBC}") = "Pi Alien.CSharp.Plugins", "Pi Alien.CSharp.Plugins.csproj", "{DB54748D-1283-1810-8860-D8C36F6390DE}"
EndProject
Project("{FAE04EC0-301F-11D3-BF4B-00C04F79EFBC}") = "Pi Alien.CSharp", "Pi Alien.CSharp.csproj", "{90123C1B-DD30-60E6-4A37-1D5202AFE7FF}"
EndProject
Project("{FAE04EC0-301F-11D3-BF4B-00C04F79EFBC}") = "Pi Alien.CSharp.Editor", "Pi Alien.CSharp.Editor.csproj", "{692B5A61-A835-ED12-141D-1EE8B8CB4E9D}"
EndProject
Global
	GlobalSection(SolutionConfigurationPlatforms) = preSolution
		Debug|Any CPU = Debug|Any CPU
		Release|Any CPU = Release|Any CPU
	EndGlobalSection
	GlobalSection(ProjectConfigurationPlatforms) = postSolution
		{DB54748D-1283-1810-8860-D8C36F6390DE}.Debug|Any CPU.ActiveCfg = Debug|Any CPU
		{DB54748D-1283-1810-8860-D8C36F6390DE}.Debug|Any CPU.Build.0 = Debug|Any CPU
		{DB54748D-1283-1810-8860-D8C36F6390DE}.Release|Any CPU.ActiveCfg = Release|Any CPU
		{DB54748D-1283-1810-8860-D8C36F6390DE}.Release|Any CPU.Build.0 = Release|Any CPU
		{90123C1B-DD30-60E6-4A37-1D5202AFE7FF}.Debug|Any CPU.ActiveCfg = Debug|Any CPU
		{90123C1B-DD30-60E6-4A37-1D5202AFE7FF}.Debug|Any CPU.Build.0 = Debug|Any CPU
		{90123C1B-DD30-60E6-4A37-1D5202AFE7FF}.Release|Any CPU.ActiveCfg = Release|Any CPU
		{90123C1B-DD30-60E6-4A37-1D5202AFE7FF}.Release|Any CPU.Build.0 = Release|Any CPU
		{692B5A61-A835-ED12-141D-1EE8B8CB4E9D}.Debug|Any CPU.ActiveCfg = Debug|Any CPU
		{692B5A61-A835-ED12-141D-1EE8B8CB4E9D}.Debug|Any CPU.Build.0 = Debug|Any CPU
		{692B5A61-A835-ED12-141D-1EE8B8CB4E9D}.Release|Any CPU.ActiveCfg = Release|Any CPU
		{692B5A61-A835-ED12-141D-1EE8B8CB4E9D}.Release|Any CPU.Build.0 = Release|Any CPU
	EndGlobalSection
	GlobalSection(SolutionProperties) = preSolution
		HideSolutionNode = FALSE
	EndGlobalSection
EndGlobal
