Microsoft Visual Studio Solution File, Format Version 11.00
# Visual Studio 2008

Project("{5BE25B99-0E14-C3ED-2A45-02C688BFADD5}") = "pialien", "Assembly-CSharp-firstpass.csproj", "{CDB7F92C-AABA-D786-6393-7B40CFBE35FD}"
EndProject
Project("{5BE25B99-0E14-C3ED-2A45-02C688BFADD5}") = "pialien", "Assembly-CSharp.csproj", "{EA1EC775-FA51-FED0-D538-50D8C3E026D2}"
EndProject
Project("{5BE25B99-0E14-C3ED-2A45-02C688BFADD5}") = "pialien", "Assembly-CSharp-Editor.csproj", "{5334BB76-B510-E5CC-2C4E-5935FB335506}"
EndProject
Global
	GlobalSection(SolutionConfigurationPlatforms) = preSolution
		Debug|Any CPU = Debug|Any CPU
		Release|Any CPU = Release|Any CPU
	EndGlobalSection
	GlobalSection(ProjectConfigurationPlatforms) = postSolution
		{CDB7F92C-AABA-D786-6393-7B40CFBE35FD}.Debug|Any CPU.ActiveCfg = Debug|Any CPU
		{CDB7F92C-AABA-D786-6393-7B40CFBE35FD}.Debug|Any CPU.Build.0 = Debug|Any CPU
		{CDB7F92C-AABA-D786-6393-7B40CFBE35FD}.Release|Any CPU.ActiveCfg = Release|Any CPU
		{CDB7F92C-AABA-D786-6393-7B40CFBE35FD}.Release|Any CPU.Build.0 = Release|Any CPU
		{EA1EC775-FA51-FED0-D538-50D8C3E026D2}.Debug|Any CPU.ActiveCfg = Debug|Any CPU
		{EA1EC775-FA51-FED0-D538-50D8C3E026D2}.Debug|Any CPU.Build.0 = Debug|Any CPU
		{EA1EC775-FA51-FED0-D538-50D8C3E026D2}.Release|Any CPU.ActiveCfg = Release|Any CPU
		{EA1EC775-FA51-FED0-D538-50D8C3E026D2}.Release|Any CPU.Build.0 = Release|Any CPU
		{5334BB76-B510-E5CC-2C4E-5935FB335506}.Debug|Any CPU.ActiveCfg = Debug|Any CPU
		{5334BB76-B510-E5CC-2C4E-5935FB335506}.Debug|Any CPU.Build.0 = Debug|Any CPU
		{5334BB76-B510-E5CC-2C4E-5935FB335506}.Release|Any CPU.ActiveCfg = Release|Any CPU
		{5334BB76-B510-E5CC-2C4E-5935FB335506}.Release|Any CPU.Build.0 = Release|Any CPU
	EndGlobalSection
	GlobalSection(SolutionProperties) = preSolution
		HideSolutionNode = FALSE
	EndGlobalSection
	GlobalSection(MonoDevelopProperties) = preSolution
		StartupItem = Assembly-CSharp.csproj
	EndGlobalSection
EndGlobal
